
Microsoft Visual Studio Solution File, Format Version 12.00
# Visual Studio Version 17
VisualStudioVersion = 17.10.35122.118
MinimumVisualStudioVersion = 10.0.40219.1
Project("{9A19103F-16F7-4668-BE54-9A1E7A4F7556}") = "TAREAPROGRAMADA1BASES", "TAREAPROGRAMADA1BASES\TAREAPROGRAMADA1BASES.csproj", "{A8A8FB1C-A0D9-4E59-9510-06EDB02D3C0E}"
EndProject
Global
	GlobalSection(SolutionConfigurationPlatforms) = preSolution
		Debug|Any CPU = Debug|Any CPU
		Release|Any CPU = Release|Any CPU
	EndGlobalSection
	GlobalSection(ProjectConfigurationPlatforms) = postSolution
		{A8A8FB1C-A0D9-4E59-9510-06EDB02D3C0E}.Debug|Any CPU.ActiveCfg = Debug|Any CPU
		{A8A8FB1C-A0D9-4E59-9510-06EDB02D3C0E}.Debug|Any CPU.Build.0 = Debug|Any CPU
		{A8A8FB1C-A0D9-4E59-9510-06EDB02D3C0E}.Release|Any CPU.ActiveCfg = Release|Any CPU
		{A8A8FB1C-A0D9-4E59-9510-06EDB02D3C0E}.Release|Any CPU.Build.0 = Release|Any CPU
	EndGlobalSection
	GlobalSection(SolutionProperties) = preSolution
		HideSolutionNode = FALSE
	EndGlobalSection
	GlobalSection(ExtensibilityGlobals) = postSolution
		SolutionGuid = {42447C8E-7250-4CBD-BE0A-EE462190D326}
	EndGlobalSection
EndGlobal
